<?xml version="1.0" encoding="utf-8"?>
<Project ToolsVersion="4.0" xmlns="http://schemas.microsoft.com/developer/msbuild/2003">
  <ItemGroup>
    <Filter Include="Source Files">
      <UniqueIdentifier>{4FC737F1-C7A5-4376-A066-2A32D752A2FF}</UniqueIdentifier>
      <Extensions>cpp;c;cc;cxx;def;odl;idl;hpj;bat;asm;asmx</Extensions>
    </Filter>
    <Filter Include="Header Files">
      <UniqueIdentifier>{93995380-89BD-4b04-88EB-625FBE52EBFB}</UniqueIdentifier>
      <Extensions>h;hh;hpp;hxx;hm;inl;inc;xsd</Extensions>
    </Filter>
    <Filter Include="Resource Files">
      <UniqueIdentifier>{67DA6AB6-F800-4c08-8B7A-83BB121AAD01}</UniqueIdentifier>
      <Extensions>rc;ico;cur;bmp;dlg;rc2;rct;bin;rgs;gif;jpg;jpeg;jpe;resx;tiff;tif;png;wav;mfcribbon-ms</Extensions>
    </Filter>
    <Filter Include="Source Files\String">
      <UniqueIdentifier>{69280c4a-e270-4917-be72-3570e1100d63}</UniqueIdentifier>
    </Filter>
    <Filter Include="Source Files\Array">
      <UniqueIdentifier>{13e9a6a3-37df-4749-bd61-8c43d0f0f08a}</UniqueIdentifier>
    </Filter>
    <Filter Include="Source Files\List">
      <UniqueIdentifier>{3d559ee7-6d82-4980-b6b9-ac0141d7a575}</UniqueIdentifier>
    </Filter>
    <Filter Include="Source Files\Bit Manipulation">
      <UniqueIdentifier>{89315f5e-aa13-47bc-aa2e-8029b6404889}</UniqueIdentifier>
    </Filter>
    <Filter Include="Source Files\Math">
      <UniqueIdentifier>{25f548d7-7804-40d7-87fb-01ff3f43eb7b}</UniqueIdentifier>
    </Filter>
    <Filter Include="Source Files\Graph">
      <UniqueIdentifier>{9e01c1da-2312-47a3-87b0-fa61726d0f5b}</UniqueIdentifier>
    </Filter>
    <Filter Include="Source Files\Heap">
      <UniqueIdentifier>{34b1808f-a876-4370-b762-7157d034d5e5}</UniqueIdentifier>
    </Filter>
    <Filter Include="Source Files\Tree">
      <UniqueIdentifier>{8fb31265-ba2d-445d-ba1c-9617c2bf6004}</UniqueIdentifier>
    </Filter>
    <Filter Include="Source Files\OO Design">
      <UniqueIdentifier>{8c3dc3e8-db14-40c8-abbf-be414af01191}</UniqueIdentifier>
    </Filter>
  </ItemGroup>
  <ItemGroup>
    <ClCompile Include="anagram.cpp">
      <Filter>Source Files\String</Filter>
    </ClCompile>
    <ClCompile Include="compareStrings.cpp">
      <Filter>Source Files\String</Filter>
    </ClCompile>
    <ClCompile Include="strStr.cpp">
      <Filter>Source Files\String</Filter>
    </ClCompile>
    <ClCompile Include="anagrams.cpp">
      <Filter>Source Files\String</Filter>
    </ClCompile>
    <ClCompile Include="Delete Node in the Middle of Singly Linked List.cpp">
      <Filter>Source Files\List</Filter>
    </ClCompile>
    <ClCompile Include="Longest Common Substring.cpp">
      <Filter>Source Files\String</Filter>
    </ClCompile>
    <ClCompile Include="Nth to Last Node in List.cpp">
      <Filter>Source Files\List</Filter>
    </ClCompile>
    <ClCompile Include="Partition Array By Odd and Even.cpp">
      <Filter>Source Files\Array</Filter>
    </ClCompile>
    <ClCompile Include="Longest Words.cpp">
      <Filter>Source Files\String</Filter>
    </ClCompile>
    <ClCompile Include="Flip Bits.cpp">
      <Filter>Source Files\Bit Manipulation</Filter>
    </ClCompile>
    <ClCompile Include="Partition Array.cpp">
      <Filter>Source Files\Array</Filter>
    </ClCompile>
    <ClCompile Include="Subarray Sum.cpp">
      <Filter>Source Files\Array</Filter>
    </ClCompile>
    <ClCompile Include="Space Replacement.cpp">
      <Filter>Source Files\String</Filter>
    </ClCompile>
    <ClCompile Include="Digit Counts.cpp">
      <Filter>Source Files\Math</Filter>
    </ClCompile>
    <ClCompile Include="Sort Letters by Case.cpp">
      <Filter>Source Files\String</Filter>
    </ClCompile>
    <ClCompile Include="The Smallest Difference.cpp">
      <Filter>Source Files\Array</Filter>
    </ClCompile>
    <ClCompile Include="Sort Colors II.cpp">
      <Filter>Source Files\Array</Filter>
    </ClCompile>
    <ClCompile Include="Route Between Two Nodes in Graph.cpp">
      <Filter>Source Files\Graph</Filter>
    </ClCompile>
    <ClCompile Include="Triangle Count.cpp">
      <Filter>Source Files\Array</Filter>
    </ClCompile>
    <ClCompile Include="Longest Substring with At Most K Distinct Characters.cpp">
      <Filter>Source Files\String</Filter>
    </ClCompile>
    <ClCompile Include="Heapify.cpp">
      <Filter>Source Files\Heap</Filter>
    </ClCompile>
    <ClCompile Include="Lowest Common Ancestor.cpp">
      <Filter>Source Files\Tree</Filter>
    </ClCompile>
    <ClCompile Include="Insert Node in a Binary Search Tree.cpp">
      <Filter>Source Files\Tree</Filter>
    </ClCompile>
    <ClCompile Include="Assignment Operator Overloading.cpp">
      <Filter>Source Files\OO Design</Filter>
    </ClCompile>
  </ItemGroup>
  <ItemGroup>
    <ClInclude Include="Node.h">
      <Filter>Header Files</Filter>
    </ClInclude>
  </ItemGroup>
</Project>